
Microsoft Visual Studio Solution File, Format Version 12.00
# Visual Studio Version 17
VisualStudioVersion = 17.11.35222.181
MinimumVisualStudioVersion = 10.0.40219.1
Project("{FAE04EC0-301F-11D3-BF4B-00C04F79EFBC}") = "Varosok", "Varosok.csproj", "{FED0FDC5-7C3F-4D6E-8135-44893B305FD5}"
EndProject
Global
	GlobalSection(SolutionConfigurationPlatforms) = preSolution
		Debug|Any CPU = Debug|Any CPU
		Release|Any CPU = Release|Any CPU
	EndGlobalSection
	GlobalSection(ProjectConfigurationPlatforms) = postSolution
		{FED0FDC5-7C3F-4D6E-8135-44893B305FD5}.Debug|Any CPU.ActiveCfg = Debug|Any CPU
		{FED0FDC5-7C3F-4D6E-8135-44893B305FD5}.Debug|Any CPU.Build.0 = Debug|Any CPU
		{FED0FDC5-7C3F-4D6E-8135-44893B305FD5}.Release|Any CPU.ActiveCfg = Release|Any CPU
		{FED0FDC5-7C3F-4D6E-8135-44893B305FD5}.Release|Any CPU.Build.0 = Release|Any CPU
	EndGlobalSection
	GlobalSection(SolutionProperties) = preSolution
		HideSolutionNode = FALSE
	EndGlobalSection
	GlobalSection(ExtensibilityGlobals) = postSolution
		SolutionGuid = {F9EE1F52-640F-46EB-A414-186CA4EA26A1}
	EndGlobalSection
EndGlobal
